dependencies:
  esp-nimble-cpp:
    component_hash: af8752384d2e00cb90bd9f7a085f06104e9c57e578d911b7975683075875081c
    source:
      git: https://github.com/cumhuronat/esp-nimble-cpp
      path: .
      type: git
    version: 209f70a0839b18e59e97517c7c9276eefe53430b
  idf:
    component_hash: null
    source:
      type: idf
    version: 5.3.0
manifest_hash: f75a07aab04e314002074f3f217bff95e93b7ceef646e2e3833cdb9956bebb4b
target: esp32s3
version: 1.0.0
